
Microsoft Visual Studio Solution File, Format Version 12.00
# Visual Studio 15
VisualStudioVersion = 15.0.26124.0
MinimumVisualStudioVersion = 15.0.26124.0
Project("{2150E333-8FDC-42A3-9474-1A3956D46DE8}") = "src", "src", "{34CAE6B2-C36B-4261-BA4B-09E7EAE63A7B}"
EndProject
Project("{FAE04EC0-301F-11D3-BF4B-00C04F79EFBC}") = "SimpleAPI", "src\SimpleAPI\SimpleAPI.csproj", "{5B98F957-2B93-4516-AE39-E06DA2BF7DBE}"
EndProject
Project("{2150E333-8FDC-42A3-9474-1A3956D46DE8}") = "test", "test", "{A004CE02-C3E9-4DCE-8AF0-E966C03B1736}"
EndProject
Project("{FAE04EC0-301F-11D3-BF4B-00C04F79EFBC}") = "SimpleAPI.Tests", "test\SimpleAPI.Tests\SimpleAPI.Tests.csproj", "{8AE745FD-F39E-4AC6-8A2A-FC55F6BBC661}"
EndProject
Global
	GlobalSection(SolutionConfigurationPlatforms) = preSolution
		Debug|Any CPU = Debug|Any CPU
		Debug|x64 = Debug|x64
		Debug|x86 = Debug|x86
		Release|Any CPU = Release|Any CPU
		Release|x64 = Release|x64
		Release|x86 = Release|x86
	EndGlobalSection
	GlobalSection(SolutionProperties) = preSolution
		HideSolutionNode = FALSE
	EndGlobalSection
	GlobalSection(ProjectConfigurationPlatforms) = postSolution
		{5B98F957-2B93-4516-AE39-E06DA2BF7DBE}.Debug|Any CPU.ActiveCfg = Debug|Any CPU
		{5B98F957-2B93-4516-AE39-E06DA2BF7DBE}.Debug|Any CPU.Build.0 = Debug|Any CPU
		{5B98F957-2B93-4516-AE39-E06DA2BF7DBE}.Debug|x64.ActiveCfg = Debug|Any CPU
		{5B98F957-2B93-4516-AE39-E06DA2BF7DBE}.Debug|x64.Build.0 = Debug|Any CPU
		{5B98F957-2B93-4516-AE39-E06DA2BF7DBE}.Debug|x86.ActiveCfg = Debug|Any CPU
		{5B98F957-2B93-4516-AE39-E06DA2BF7DBE}.Debug|x86.Build.0 = Debug|Any CPU
		{5B98F957-2B93-4516-AE39-E06DA2BF7DBE}.Release|Any CPU.ActiveCfg = Release|Any CPU
		{5B98F957-2B93-4516-AE39-E06DA2BF7DBE}.Release|Any CPU.Build.0 = Release|Any CPU
		{5B98F957-2B93-4516-AE39-E06DA2BF7DBE}.Release|x64.ActiveCfg = Release|Any CPU
		{5B98F957-2B93-4516-AE39-E06DA2BF7DBE}.Release|x64.Build.0 = Release|Any CPU
		{5B98F957-2B93-4516-AE39-E06DA2BF7DBE}.Release|x86.ActiveCfg = Release|Any CPU
		{5B98F957-2B93-4516-AE39-E06DA2BF7DBE}.Release|x86.Build.0 = Release|Any CPU
		{8AE745FD-F39E-4AC6-8A2A-FC55F6BBC661}.Debug|Any CPU.ActiveCfg = Debug|Any CPU
		{8AE745FD-F39E-4AC6-8A2A-FC55F6BBC661}.Debug|Any CPU.Build.0 = Debug|Any CPU
		{8AE745FD-F39E-4AC6-8A2A-FC55F6BBC661}.Debug|x64.ActiveCfg = Debug|Any CPU
		{8AE745FD-F39E-4AC6-8A2A-FC55F6BBC661}.Debug|x64.Build.0 = Debug|Any CPU
		{8AE745FD-F39E-4AC6-8A2A-FC55F6BBC661}.Debug|x86.ActiveCfg = Debug|Any CPU
		{8AE745FD-F39E-4AC6-8A2A-FC55F6BBC661}.Debug|x86.Build.0 = Debug|Any CPU
		{8AE745FD-F39E-4AC6-8A2A-FC55F6BBC661}.Release|Any CPU.ActiveCfg = Release|Any CPU
		{8AE745FD-F39E-4AC6-8A2A-FC55F6BBC661}.Release|Any CPU.Build.0 = Release|Any CPU
		{8AE745FD-F39E-4AC6-8A2A-FC55F6BBC661}.Release|x64.ActiveCfg = Release|Any CPU
		{8AE745FD-F39E-4AC6-8A2A-FC55F6BBC661}.Release|x64.Build.0 = Release|Any CPU
		{8AE745FD-F39E-4AC6-8A2A-FC55F6BBC661}.Release|x86.ActiveCfg = Release|Any CPU
		{8AE745FD-F39E-4AC6-8A2A-FC55F6BBC661}.Release|x86.Build.0 = Release|Any CPU
	EndGlobalSection
	GlobalSection(NestedProjects) = preSolution
		{5B98F957-2B93-4516-AE39-E06DA2BF7DBE} = {34CAE6B2-C36B-4261-BA4B-09E7EAE63A7B}
		{8AE745FD-F39E-4AC6-8A2A-FC55F6BBC661} = {A004CE02-C3E9-4DCE-8AF0-E966C03B1736}
	EndGlobalSection
EndGlobal
